
Microsoft Visual Studio Solution File, Format Version 12.00
Project("{FAE04EC0-301F-11D3-BF4B-00C04F79EFBC}") = "Personal.Budget.Api", "Personal.Budget.Api\Personal.Budget.Api.csproj", "{D43260AD-3EBA-4EAF-9566-5546CB659738}"
EndProject
Global
	GlobalSection(SolutionConfigurationPlatforms) = preSolution
		Debug|Any CPU = Debug|Any CPU
		Release|Any CPU = Release|Any CPU
	EndGlobalSection
	GlobalSection(ProjectConfigurationPlatforms) = postSolution
		{D43260AD-3EBA-4EAF-9566-5546CB659738}.Debug|Any CPU.ActiveCfg = Debug|Any CPU
		{D43260AD-3EBA-4EAF-9566-5546CB659738}.Debug|Any CPU.Build.0 = Debug|Any CPU
		{D43260AD-3EBA-4EAF-9566-5546CB659738}.Release|Any CPU.ActiveCfg = Release|Any CPU
		{D43260AD-3EBA-4EAF-9566-5546CB659738}.Release|Any CPU.Build.0 = Release|Any CPU
	EndGlobalSection
EndGlobal
