
Microsoft Visual Studio Solution File, Format Version 12.00
Project("{FAE04EC0-301F-11D3-BF4B-00C04F79EFBC}") = "Personal.Budget.Api", "src\Personal.Budget.Api\Personal.Budget.Api.csproj", "{D43260AD-3EBA-4EAF-9566-5546CB659738}"
EndProject
Project("{2150E333-8FDC-42A3-9474-1A3956D46DE8}") = "src", "src", "{ADF8520C-2FF7-48D6-9B94-7065FB5AF3FB}"
EndProject
Project("{2150E333-8FDC-42A3-9474-1A3956D46DE8}") = "tests", "tests", "{17BD30A2-A6BD-470E-AA6D-2764EB6FD7FF}"
EndProject
Project("{FAE04EC0-301F-11D3-BF4B-00C04F79EFBC}") = "Personal.Budget.Api.IntegrationTests", "tests\Personal.Budget.Api.IntegrationTests\Personal.Budget.Api.IntegrationTests.csproj", "{7FFC0522-10A1-4698-A072-9F4F273A04F9}"
EndProject
Global
	GlobalSection(SolutionConfigurationPlatforms) = preSolution
		Debug|Any CPU = Debug|Any CPU
		Release|Any CPU = Release|Any CPU
	EndGlobalSection
	GlobalSection(ProjectConfigurationPlatforms) = postSolution
		{D43260AD-3EBA-4EAF-9566-5546CB659738}.Debug|Any CPU.ActiveCfg = Debug|Any CPU
		{D43260AD-3EBA-4EAF-9566-5546CB659738}.Debug|Any CPU.Build.0 = Debug|Any CPU
		{D43260AD-3EBA-4EAF-9566-5546CB659738}.Release|Any CPU.ActiveCfg = Release|Any CPU
		{D43260AD-3EBA-4EAF-9566-5546CB659738}.Release|Any CPU.Build.0 = Release|Any CPU
		{7FFC0522-10A1-4698-A072-9F4F273A04F9}.Debug|Any CPU.ActiveCfg = Debug|Any CPU
		{7FFC0522-10A1-4698-A072-9F4F273A04F9}.Debug|Any CPU.Build.0 = Debug|Any CPU
		{7FFC0522-10A1-4698-A072-9F4F273A04F9}.Release|Any CPU.ActiveCfg = Release|Any CPU
		{7FFC0522-10A1-4698-A072-9F4F273A04F9}.Release|Any CPU.Build.0 = Release|Any CPU
	EndGlobalSection
	GlobalSection(NestedProjects) = preSolution
		{D43260AD-3EBA-4EAF-9566-5546CB659738} = {ADF8520C-2FF7-48D6-9B94-7065FB5AF3FB}
		{7FFC0522-10A1-4698-A072-9F4F273A04F9} = {17BD30A2-A6BD-470E-AA6D-2764EB6FD7FF}
	EndGlobalSection
EndGlobal
